
Microsoft Visual Studio Solution File, Format Version 12.00
# Visual Studio 2013
VisualStudioVersion = 12.0.21005.1
MinimumVisualStudioVersion = 10.0.40219.1
Project("{FAE04EC0-301F-11D3-BF4B-00C04F79EFBC}") = "Kata20170731", "Kata20170731\Kata20170731.csproj", "{B9BEEC28-1FFA-4C67-9431-FBD098B5867D}"
EndProject
Project("{FAE04EC0-301F-11D3-BF4B-00C04F79EFBC}") = "Kata20170731test", "Kata20170731test\Kata20170731test.csproj", "{1A38C433-DC6D-4546-A235-270F44ADECB5}"
EndProject
Global
	GlobalSection(SolutionConfigurationPlatforms) = preSolution
		Debug|Any CPU = Debug|Any CPU
		Release|Any CPU = Release|Any CPU
	EndGlobalSection
	GlobalSection(ProjectConfigurationPlatforms) = postSolution
		{B9BEEC28-1FFA-4C67-9431-FBD098B5867D}.Debug|Any CPU.ActiveCfg = Debug|Any CPU
		{B9BEEC28-1FFA-4C67-9431-FBD098B5867D}.Debug|Any CPU.Build.0 = Debug|Any CPU
		{B9BEEC28-1FFA-4C67-9431-FBD098B5867D}.Release|Any CPU.ActiveCfg = Release|Any CPU
		{B9BEEC28-1FFA-4C67-9431-FBD098B5867D}.Release|Any CPU.Build.0 = Release|Any CPU
		{1A38C433-DC6D-4546-A235-270F44ADECB5}.Debug|Any CPU.ActiveCfg = Debug|Any CPU
		{1A38C433-DC6D-4546-A235-270F44ADECB5}.Debug|Any CPU.Build.0 = Debug|Any CPU
		{1A38C433-DC6D-4546-A235-270F44ADECB5}.Release|Any CPU.ActiveCfg = Release|Any CPU
		{1A38C433-DC6D-4546-A235-270F44ADECB5}.Release|Any CPU.Build.0 = Release|Any CPU
	EndGlobalSection
	GlobalSection(SolutionProperties) = preSolution
		HideSolutionNode = FALSE
	EndGlobalSection
EndGlobal
